// !$*UTF8*$!
{
	archiveVersion = 1;
	classes = {
	};
	objectVersion = 56;
	objects = {

/* Begin PBXBuildFile section */
		36D8E5952B65C21600AAAD97 /* HeroHeaderUIView.swift in Sources */ = {isa = PBXBuildFile; fileRef = 36D8E5942B65C21600AAAD97 /* HeroHeaderUIView.swift */; };
		36DDC2542B63F5AB00A706D1 /* AppDelegate.swift in Sources */ = {isa = PBXBuildFile; fileRef = 36DDC2532B63F5AB00A706D1 /* AppDelegate.swift */; };
		36DDC2562B63F5AB00A706D1 /* SceneDelegate.swift in Sources */ = {isa = PBXBuildFile; fileRef = 36DDC2552B63F5AB00A706D1 /* SceneDelegate.swift */; };
		36DDC2582B63F5AB00A706D1 /* MainTabBarViewController.swift in Sources */ = {isa = PBXBuildFile; fileRef = 36DDC2572B63F5AB00A706D1 /* MainTabBarViewController.swift */; };
		36DDC25D2B63F5AC00A706D1 /* Assets.xcassets in Resources */ = {isa = PBXBuildFile; fileRef = 36DDC25C2B63F5AC00A706D1 /* Assets.xcassets */; };
		36DDC2602B63F5AC00A706D1 /* LaunchScreen.storyboard in Resources */ = {isa = PBXBuildFile; fileRef = 36DDC25E2B63F5AC00A706D1 /* LaunchScreen.storyboard */; };
		36DDC26A2B63F96F00A706D1 /* HomeViewController.swift in Sources */ = {isa = PBXBuildFile; fileRef = 36DDC2692B63F96F00A706D1 /* HomeViewController.swift */; };
		36DDC26C2B63F98C00A706D1 /* UpComingViewController.swift in Sources */ = {isa = PBXBuildFile; fileRef = 36DDC26B2B63F98C00A706D1 /* UpComingViewController.swift */; };
		36DDC26E2B63F9A300A706D1 /* SearchViewController.swift in Sources */ = {isa = PBXBuildFile; fileRef = 36DDC26D2B63F9A300A706D1 /* SearchViewController.swift */; };
		36DDC2702B63F9B800A706D1 /* DownloadsViewController.swift in Sources */ = {isa = PBXBuildFile; fileRef = 36DDC26F2B63F9B800A706D1 /* DownloadsViewController.swift */; };
		36DDC2732B63FF8C00A706D1 /* ControllerConstants.swift in Sources */ = {isa = PBXBuildFile; fileRef = 36DDC2722B63FF8C00A706D1 /* ControllerConstants.swift */; };
		36DDC27A2B6425A700A706D1 /* CollectionViewTableViewCell.swift in Sources */ = {isa = PBXBuildFile; fileRef = 36DDC2792B6425A700A706D1 /* CollectionViewTableViewCell.swift */; };
		36E894A42B667AFE00A78873 /* APICaller.swift in Sources */ = {isa = PBXBuildFile; fileRef = 36E894A32B667AFE00A78873 /* APICaller.swift */; };
		36E894A62B667D1600A78873 /* Title.swift in Sources */ = {isa = PBXBuildFile; fileRef = 36E894A52B667D1600A78873 /* Title.swift */; };
		36E894A92B6681E200A78873 /* String+Extension.swift in Sources */ = {isa = PBXBuildFile; fileRef = 36E894A82B6681E200A78873 /* String+Extension.swift */; };
		36E894AD2B6687F900A78873 /* TitleCollectionViewCell.swift in Sources */ = {isa = PBXBuildFile; fileRef = 36E894AC2B6687F900A78873 /* TitleCollectionViewCell.swift */; };
		36E894B52B66895C00A78873 /* SDWebImage in Frameworks */ = {isa = PBXBuildFile; productRef = 36E894B42B66895C00A78873 /* SDWebImage */; };
		36E894B72B66895C00A78873 /* SDWebImageMapKit in Frameworks */ = {isa = PBXBuildFile; productRef = 36E894B62B66895C00A78873 /* SDWebImageMapKit */; };
		36E894B92B6691A900A78873 /* TitleTableViewCell.swift in Sources */ = {isa = PBXBuildFile; fileRef = 36E894B82B6691A900A78873 /* TitleTableViewCell.swift */; };
		36E894BB2B66938F00A78873 /* TitleViewModel.swift in Sources */ = {isa = PBXBuildFile; fileRef = 36E894BA2B66938F00A78873 /* TitleViewModel.swift */; };
/* End PBXBuildFile section */

/* Begin PBXFileReference section */
		36D8E5942B65C21600AAAD97 /* HeroHeaderUIView.swift */ = {isa = PBXFileReference; lastKnownFileType = sourcecode.swift; path = HeroHeaderUIView.swift; sourceTree = "<group>"; };
		36DDC2502B63F5AB00A706D1 /* NetflixClone.app */ = {isa = PBXFileReference; explicitFileType = wrapper.application; includeInIndex = 0; path = NetflixClone.app; sourceTree = BUILT_PRODUCTS_DIR; };
		36DDC2532B63F5AB00A706D1 /* AppDelegate.swift */ = {isa = PBXFileReference; lastKnownFileType = sourcecode.swift; path = AppDelegate.swift; sourceTree = "<group>"; };
		36DDC2552B63F5AB00A706D1 /* SceneDelegate.swift */ = {isa = PBXFileReference; lastKnownFileType = sourcecode.swift; path = SceneDelegate.swift; sourceTree = "<group>"; };
		36DDC2572B63F5AB00A706D1 /* MainTabBarViewController.swift */ = {isa = PBXFileReference; lastKnownFileType = sourcecode.swift; path = MainTabBarViewController.swift; sourceTree = "<group>"; };
		36DDC25C2B63F5AC00A706D1 /* Assets.xcassets */ = {isa = PBXFileReference; lastKnownFileType = folder.assetcatalog; path = Assets.xcassets; sourceTree = "<group>"; };
		36DDC25F2B63F5AC00A706D1 /* Base */ = {isa = PBXFileReference; lastKnownFileType = file.storyboard; name = Base; path = Base.lproj/LaunchScreen.storyboard; sourceTree = "<group>"; };
		36DDC2612B63F5AC00A706D1 /* Info.plist */ = {isa = PBXFileReference; lastKnownFileType = text.plist.xml; path = Info.plist; sourceTree = "<group>"; };
		36DDC2692B63F96F00A706D1 /* HomeViewController.swift */ = {isa = PBXFileReference; lastKnownFileType = sourcecode.swift; path = HomeViewController.swift; sourceTree = "<group>"; };
		36DDC26B2B63F98C00A706D1 /* UpComingViewController.swift */ = {isa = PBXFileReference; lastKnownFileType = sourcecode.swift; path = UpComingViewController.swift; sourceTree = "<group>"; };
		36DDC26D2B63F9A300A706D1 /* SearchViewController.swift */ = {isa = PBXFileReference; lastKnownFileType = sourcecode.swift; path = SearchViewController.swift; sourceTree = "<group>"; };
		36DDC26F2B63F9B800A706D1 /* DownloadsViewController.swift */ = {isa = PBXFileReference; lastKnownFileType = sourcecode.swift; path = DownloadsViewController.swift; sourceTree = "<group>"; };
		36DDC2722B63FF8C00A706D1 /* ControllerConstants.swift */ = {isa = PBXFileReference; lastKnownFileType = sourcecode.swift; path = ControllerConstants.swift; sourceTree = "<group>"; };
		36DDC2792B6425A700A706D1 /* CollectionViewTableViewCell.swift */ = {isa = PBXFileReference; lastKnownFileType = sourcecode.swift; path = CollectionViewTableViewCell.swift; sourceTree = "<group>"; };
		36E894A32B667AFE00A78873 /* APICaller.swift */ = {isa = PBXFileReference; lastKnownFileType = sourcecode.swift; path = APICaller.swift; sourceTree = "<group>"; };
		36E894A52B667D1600A78873 /* Title.swift */ = {isa = PBXFileReference; lastKnownFileType = sourcecode.swift; path = Title.swift; sourceTree = "<group>"; };
		36E894A82B6681E200A78873 /* String+Extension.swift */ = {isa = PBXFileReference; lastKnownFileType = sourcecode.swift; path = "String+Extension.swift"; sourceTree = "<group>"; };
		36E894AC2B6687F900A78873 /* TitleCollectionViewCell.swift */ = {isa = PBXFileReference; lastKnownFileType = sourcecode.swift; path = TitleCollectionViewCell.swift; sourceTree = "<group>"; };
		36E894B82B6691A900A78873 /* TitleTableViewCell.swift */ = {isa = PBXFileReference; lastKnownFileType = sourcecode.swift; path = TitleTableViewCell.swift; sourceTree = "<group>"; };
		36E894BA2B66938F00A78873 /* TitleViewModel.swift */ = {isa = PBXFileReference; lastKnownFileType = sourcecode.swift; path = TitleViewModel.swift; sourceTree = "<group>"; };
/* End PBXFileReference section */

/* Begin PBXFrameworksBuildPhase section */
		36DDC24D2B63F5AB00A706D1 /* Frameworks */ = {
			isa = PBXFrameworksBuildPhase;
			buildActionMask = 2147483647;
			files = (
				36E894B72B66895C00A78873 /* SDWebImageMapKit in Frameworks */,
				36E894B52B66895C00A78873 /* SDWebImage in Frameworks */,
			);
			runOnlyForDeploymentPostprocessing = 0;
		};
/* End PBXFrameworksBuildPhase section */

/* Begin PBXGroup section */
		36DDC2472B63F5AB00A706D1 = {
			isa = PBXGroup;
			children = (
				36DDC2522B63F5AB00A706D1 /* NetflixClone */,
				36DDC2512B63F5AB00A706D1 /* Products */,
			);
			sourceTree = "<group>";
		};
		36DDC2512B63F5AB00A706D1 /* Products */ = {
			isa = PBXGroup;
			children = (
				36DDC2502B63F5AB00A706D1 /* NetflixClone.app */,
			);
			name = Products;
			sourceTree = "<group>";
		};
		36DDC2522B63F5AB00A706D1 /* NetflixClone */ = {
			isa = PBXGroup;
			children = (
				36E894A72B6681D200A78873 /* Extensions */,
				36DDC2782B64256D00A706D1 /* Managers */,
				36DDC2772B64256700A706D1 /* Resources */,
				36DDC2762B64254C00A706D1 /* Models */,
				36DDC2752B64254400A706D1 /* ViewModels */,
				36DDC2742B64253E00A706D1 /* Views */,
				36DDC2712B63FF7300A706D1 /* Constants */,
				36DDC2672B63F95200A706D1 /* Controllers */,
				36DDC2532B63F5AB00A706D1 /* AppDelegate.swift */,
				36DDC2552B63F5AB00A706D1 /* SceneDelegate.swift */,
				36DDC2572B63F5AB00A706D1 /* MainTabBarViewController.swift */,
				36DDC25E2B63F5AC00A706D1 /* LaunchScreen.storyboard */,
				36DDC2612B63F5AC00A706D1 /* Info.plist */,
			);
			path = NetflixClone;
			sourceTree = "<group>";
		};
		36DDC2672B63F95200A706D1 /* Controllers */ = {
			isa = PBXGroup;
			children = (
				36DDC2692B63F96F00A706D1 /* HomeViewController.swift */,
				36DDC26B2B63F98C00A706D1 /* UpComingViewController.swift */,
				36DDC26D2B63F9A300A706D1 /* SearchViewController.swift */,
				36DDC26F2B63F9B800A706D1 /* DownloadsViewController.swift */,
			);
			path = Controllers;
			sourceTree = "<group>";
		};
		36DDC2712B63FF7300A706D1 /* Constants */ = {
			isa = PBXGroup;
			children = (
				36DDC2722B63FF8C00A706D1 /* ControllerConstants.swift */,
			);
			path = Constants;
			sourceTree = "<group>";
		};
		36DDC2742B64253E00A706D1 /* Views */ = {
			isa = PBXGroup;
			children = (
				36DDC2792B6425A700A706D1 /* CollectionViewTableViewCell.swift */,
				36D8E5942B65C21600AAAD97 /* HeroHeaderUIView.swift */,
				36E894AC2B6687F900A78873 /* TitleCollectionViewCell.swift */,
				36E894B82B6691A900A78873 /* TitleTableViewCell.swift */,
			);
			path = Views;
			sourceTree = "<group>";
		};
		36DDC2752B64254400A706D1 /* ViewModels */ = {
			isa = PBXGroup;
			children = (
				36E894BA2B66938F00A78873 /* TitleViewModel.swift */,
			);
			path = ViewModels;
			sourceTree = "<group>";
		};
		36DDC2762B64254C00A706D1 /* Models */ = {
			isa = PBXGroup;
			children = (
				36E894A52B667D1600A78873 /* Title.swift */,
			);
			path = Models;
			sourceTree = "<group>";
		};
		36DDC2772B64256700A706D1 /* Resources */ = {
			isa = PBXGroup;
			children = (
				36DDC25C2B63F5AC00A706D1 /* Assets.xcassets */,
			);
			path = Resources;
			sourceTree = "<group>";
		};
		36DDC2782B64256D00A706D1 /* Managers */ = {
			isa = PBXGroup;
			children = (
				36E894A32B667AFE00A78873 /* APICaller.swift */,
			);
			path = Managers;
			sourceTree = "<group>";
		};
		36E894A72B6681D200A78873 /* Extensions */ = {
			isa = PBXGroup;
			children = (
				36E894A82B6681E200A78873 /* String+Extension.swift */,
			);
			path = Extensions;
			sourceTree = "<group>";
		};
/* End PBXGroup section */

/* Begin PBXNativeTarget section */
		36DDC24F2B63F5AB00A706D1 /* NetflixClone */ = {
			isa = PBXNativeTarget;
			buildConfigurationList = 36DDC2642B63F5AC00A706D1 /* Build configuration list for PBXNativeTarget "NetflixClone" */;
			buildPhases = (
				36DDC24C2B63F5AB00A706D1 /* Sources */,
				36DDC24D2B63F5AB00A706D1 /* Frameworks */,
				36DDC24E2B63F5AB00A706D1 /* Resources */,
			);
			buildRules = (
			);
			dependencies = (
			);
			name = NetflixClone;
			packageProductDependencies = (
				36E894B42B66895C00A78873 /* SDWebImage */,
				36E894B62B66895C00A78873 /* SDWebImageMapKit */,
			);
			productName = NetflixClone;
			productReference = 36DDC2502B63F5AB00A706D1 /* NetflixClone.app */;
			productType = "com.apple.product-type.application";
		};
/* End PBXNativeTarget section */

/* Begin PBXProject section */
		36DDC2482B63F5AB00A706D1 /* Project object */ = {
			isa = PBXProject;
			attributes = {
				BuildIndependentTargetsInParallel = 1;
				LastSwiftUpdateCheck = 1500;
				LastUpgradeCheck = 1500;
				TargetAttributes = {
					36DDC24F2B63F5AB00A706D1 = {
						CreatedOnToolsVersion = 15.0.1;
					};
				};
			};
			buildConfigurationList = 36DDC24B2B63F5AB00A706D1 /* Build configuration list for PBXProject "NetflixClone" */;
			compatibilityVersion = "Xcode 14.0";
			developmentRegion = en;
			hasScannedForEncodings = 0;
			knownRegions = (
				en,
				Base,
			);
			mainGroup = 36DDC2472B63F5AB00A706D1;
			packageReferences = (
				36E894B32B66895C00A78873 /* XCRemoteSwiftPackageReference "SDWebImage" */,
			);
			productRefGroup = 36DDC2512B63F5AB00A706D1 /* Products */;
			projectDirPath = "";
			projectRoot = "";
			targets = (
				36DDC24F2B63F5AB00A706D1 /* NetflixClone */,
			);
		};
/* End PBXProject section */

/* Begin PBXResourcesBuildPhase section */
		36DDC24E2B63F5AB00A706D1 /* Resources */ = {
			isa = PBXResourcesBuildPhase;
			buildActionMask = 2147483647;
			files = (
				36DDC2602B63F5AC00A706D1 /* LaunchScreen.storyboard in Resources */,
				36DDC25D2B63F5AC00A706D1 /* Assets.xcassets in Resources */,
			);
			runOnlyForDeploymentPostprocessing = 0;
		};
/* End PBXResourcesBuildPhase section */

/* Begin PBXSourcesBuildPhase section */
		36DDC24C2B63F5AB00A706D1 /* Sources */ = {
			isa = PBXSourcesBuildPhase;
			buildActionMask = 2147483647;
			files = (
				36DDC26E2B63F9A300A706D1 /* SearchViewController.swift in Sources */,
				36D8E5952B65C21600AAAD97 /* HeroHeaderUIView.swift in Sources */,
				36E894A62B667D1600A78873 /* Title.swift in Sources */,
				36DDC2582B63F5AB00A706D1 /* MainTabBarViewController.swift in Sources */,
				36DDC2702B63F9B800A706D1 /* DownloadsViewController.swift in Sources */,
				36DDC2542B63F5AB00A706D1 /* AppDelegate.swift in Sources */,
				36E894A92B6681E200A78873 /* String+Extension.swift in Sources */,
				36E894AD2B6687F900A78873 /* TitleCollectionViewCell.swift in Sources */,
				36DDC26C2B63F98C00A706D1 /* UpComingViewController.swift in Sources */,
				36DDC27A2B6425A700A706D1 /* CollectionViewTableViewCell.swift in Sources */,
				36E894B92B6691A900A78873 /* TitleTableViewCell.swift in Sources */,
				36DDC2732B63FF8C00A706D1 /* ControllerConstants.swift in Sources */,
				36E894A42B667AFE00A78873 /* APICaller.swift in Sources */,
				36E894BB2B66938F00A78873 /* TitleViewModel.swift in Sources */,
				36DDC2562B63F5AB00A706D1 /* SceneDelegate.swift in Sources */,
				36DDC26A2B63F96F00A706D1 /* HomeViewController.swift in Sources */,
			);
			runOnlyForDeploymentPostprocessing = 0;
		};
/* End PBXSourcesBuildPhase section */

/* Begin PBXVariantGroup section */
		36DDC25E2B63F5AC00A706D1 /* LaunchScreen.storyboard */ = {
			isa = PBXVariantGroup;
			children = (
				36DDC25F2B63F5AC00A706D1 /* Base */,
			);
			name = LaunchScreen.storyboard;
			sourceTree = "<group>";
		};
/* End PBXVariantGroup section */

/* Begin XCBuildConfiguration section */
		36DDC2622B63F5AC00A706D1 /* Debug */ = {
			isa = XCBuildConfiguration;
			buildSettings = {
				ALWAYS_SEARCH_USER_PATHS = NO;
				ASSETCATALOG_COMPILER_GENERATE_SWIFT_ASSET_SYMBOL_EXTENSIONS = YES;
				CLANG_ANALYZER_NONNULL = YES;
				CLANG_ANALYZER_NUMBER_OBJECT_CONVERSION = YES_AGGRESSIVE;
				CLANG_CXX_LANGUAGE_STANDARD = "gnu++20";
				CLANG_ENABLE_MODULES = YES;
				CLANG_ENABLE_OBJC_ARC = YES;
				CLANG_ENABLE_OBJC_WEAK = YES;
				CLANG_WARN_BLOCK_CAPTURE_AUTORELEASING = YES;
				CLANG_WARN_BOOL_CONVERSION = YES;
				CLANG_WARN_COMMA = YES;
				CLANG_WARN_CONSTANT_CONVERSION = YES;
				CLANG_WARN_DEPRECATED_OBJC_IMPLEMENTATIONS = YES;
				CLANG_WARN_DIRECT_OBJC_ISA_USAGE = YES_ERROR;
				CLANG_WARN_DOCUMENTATION_COMMENTS = YES;
				CLANG_WARN_EMPTY_BODY = YES;
				CLANG_WARN_ENUM_CONVERSION = YES;
				CLANG_WARN_INFINITE_RECURSION = YES;
				CLANG_WARN_INT_CONVERSION = YES;
				CLANG_WARN_NON_LITERAL_NULL_CONVERSION = YES;
				CLANG_WARN_OBJC_IMPLICIT_RETAIN_SELF = YES;
				CLANG_WARN_OBJC_LITERAL_CONVERSION = YES;
				CLANG_WARN_OBJC_ROOT_CLASS = YES_ERROR;
				CLANG_WARN_QUOTED_INCLUDE_IN_FRAMEWORK_HEADER = YES;
				CLANG_WARN_RANGE_LOOP_ANALYSIS = YES;
				CLANG_WARN_STRICT_PROTOTYPES = YES;
				CLANG_WARN_SUSPICIOUS_MOVE = YES;
				CLANG_WARN_UNGUARDED_AVAILABILITY = YES_AGGRESSIVE;
				CLANG_WARN_UNREACHABLE_CODE = YES;
				CLANG_WARN__DUPLICATE_METHOD_MATCH = YES;
				COPY_PHASE_STRIP = NO;
				DEBUG_INFORMATION_FORMAT = dwarf;
				ENABLE_STRICT_OBJC_MSGSEND = YES;
				ENABLE_TESTABILITY = YES;
				ENABLE_USER_SCRIPT_SANDBOXING = YES;
				GCC_C_LANGUAGE_STANDARD = gnu17;
				GCC_DYNAMIC_NO_PIC = NO;
				GCC_NO_COMMON_BLOCKS = YES;
				GCC_OPTIMIZATION_LEVEL = 0;
				GCC_PREPROCESSOR_DEFINITIONS = (
					"DEBUG=1",
					"$(inherited)",
				);
				GCC_WARN_64_TO_32_BIT_CONVERSION = YES;
				GCC_WARN_ABOUT_RETURN_TYPE = YES_ERROR;
				GCC_WARN_UNDECLARED_SELECTOR = YES;
				GCC_WARN_UNINITIALIZED_AUTOS = YES_AGGRESSIVE;
				GCC_WARN_UNUSED_FUNCTION = YES;
				GCC_WARN_UNUSED_VARIABLE = YES;
				IPHONEOS_DEPLOYMENT_TARGET = 17.0;
				LOCALIZATION_PREFERS_STRING_CATALOGS = YES;
				MTL_ENABLE_DEBUG_INFO = INCLUDE_SOURCE;
				MTL_FAST_MATH = YES;
				ONLY_ACTIVE_ARCH = YES;
				SDKROOT = iphoneos;
				SWIFT_ACTIVE_COMPILATION_CONDITIONS = "DEBUG $(inherited)";
				SWIFT_OPTIMIZATION_LEVEL = "-Onone";
			};
			name = Debug;
		};
		36DDC2632B63F5AC00A706D1 /* Release */ = {
			isa = XCBuildConfiguration;
			buildSettings = {
				ALWAYS_SEARCH_USER_PATHS = NO;
				ASSETCATALOG_COMPILER_GENERATE_SWIFT_ASSET_SYMBOL_EXTENSIONS = YES;
				CLANG_ANALYZER_NONNULL = YES;
				CLANG_ANALYZER_NUMBER_OBJECT_CONVERSION = YES_AGGRESSIVE;
				CLANG_CXX_LANGUAGE_STANDARD = "gnu++20";
				CLANG_ENABLE_MODULES = YES;
				CLANG_ENABLE_OBJC_ARC = YES;
				CLANG_ENABLE_OBJC_WEAK = YES;
				CLANG_WARN_BLOCK_CAPTURE_AUTORELEASING = YES;
				CLANG_WARN_BOOL_CONVERSION = YES;
				CLANG_WARN_COMMA = YES;
				CLANG_WARN_CONSTANT_CONVERSION = YES;
				CLANG_WARN_DEPRECATED_OBJC_IMPLEMENTATIONS = YES;
				CLANG_WARN_DIRECT_OBJC_ISA_USAGE = YES_ERROR;
				CLANG_WARN_DOCUMENTATION_COMMENTS = YES;
				CLANG_WARN_EMPTY_BODY = YES;
				CLANG_WARN_ENUM_CONVERSION = YES;
				CLANG_WARN_INFINITE_RECURSION = YES;
				CLANG_WARN_INT_CONVERSION = YES;
				CLANG_WARN_NON_LITERAL_NULL_CONVERSION = YES;
				CLANG_WARN_OBJC_IMPLICIT_RETAIN_SELF = YES;
				CLANG_WARN_OBJC_LITERAL_CONVERSION = YES;
				CLANG_WARN_OBJC_ROOT_CLASS = YES_ERROR;
				CLANG_WARN_QUOTED_INCLUDE_IN_FRAMEWORK_HEADER = YES;
				CLANG_WARN_RANGE_LOOP_ANALYSIS = YES;
				CLANG_WARN_STRICT_PROTOTYPES = YES;
				CLANG_WARN_SUSPICIOUS_MOVE = YES;
				CLANG_WARN_UNGUARDED_AVAILABILITY = YES_AGGRESSIVE;
				CLANG_WARN_UNREACHABLE_CODE = YES;
				CLANG_WARN__DUPLICATE_METHOD_MATCH = YES;
				COPY_PHASE_STRIP = NO;
				DEBUG_INFORMATION_FORMAT = "dwarf-with-dsym";
				ENABLE_NS_ASSERTIONS = NO;
				ENABLE_STRICT_OBJC_MSGSEND = YES;
				ENABLE_USER_SCRIPT_SANDBOXING = YES;
				GCC_C_LANGUAGE_STANDARD = gnu17;
				GCC_NO_COMMON_BLOCKS = YES;
				GCC_WARN_64_TO_32_BIT_CONVERSION = YES;
				GCC_WARN_ABOUT_RETURN_TYPE = YES_ERROR;
				GCC_WARN_UNDECLARED_SELECTOR = YES;
				GCC_WARN_UNINITIALIZED_AUTOS = YES_AGGRESSIVE;
				GCC_WARN_UNUSED_FUNCTION = YES;
				GCC_WARN_UNUSED_VARIABLE = YES;
				IPHONEOS_DEPLOYMENT_TARGET = 17.0;
				LOCALIZATION_PREFERS_STRING_CATALOGS = YES;
				MTL_ENABLE_DEBUG_INFO = NO;
				MTL_FAST_MATH = YES;
				SDKROOT = iphoneos;
				SWIFT_COMPILATION_MODE = wholemodule;
				VALIDATE_PRODUCT = YES;
			};
			name = Release;
		};
		36DDC2652B63F5AC00A706D1 /* Debug */ = {
			isa = XCBuildConfiguration;
			buildSettings = {
				ASSETCATALOG_COMPILER_APPICON_NAME = AppIcon;
				ASSETCATALOG_COMPILER_GLOBAL_ACCENT_COLOR_NAME = AccentColor;
				CODE_SIGN_STYLE = Automatic;
				CURRENT_PROJECT_VERSION = 1;
				DEVELOPMENT_TEAM = KT4PWW57Y9;
				GENERATE_INFOPLIST_FILE = YES;
				INFOPLIST_FILE = NetflixClone/Info.plist;
				INFOPLIST_KEY_UIApplicationSupportsIndirectInputEvents = YES;
				INFOPLIST_KEY_UILaunchStoryboardName = LaunchScreen;
				INFOPLIST_KEY_UISupportedInterfaceOrientations_iPad = "UIInterfaceOrientationPortrait UIInterfaceOrientationPortraitUpsideDown UIInterfaceOrientationLandscapeLeft UIInterfaceOrientationLandscapeRight";
				INFOPLIST_KEY_UISupportedInterfaceOrientations_iPhone = "UIInterfaceOrientationPortrait UIInterfaceOrientationLandscapeLeft UIInterfaceOrientationLandscapeRight";
				LD_RUNPATH_SEARCH_PATHS = (
					"$(inherited)",
					"@executable_path/Frameworks",
				);
				MARKETING_VERSION = 1.0;
				PRODUCT_BUNDLE_IDENTIFIER = info.NetflixClone;
				PRODUCT_NAME = "$(TARGET_NAME)";
				SWIFT_EMIT_LOC_STRINGS = YES;
				SWIFT_VERSION = 5.0;
				TARGETED_DEVICE_FAMILY = "1,2";
			};
			name = Debug;
		};
		36DDC2662B63F5AC00A706D1 /* Release */ = {
			isa = XCBuildConfiguration;
			buildSettings = {
				ASSETCATALOG_COMPILER_APPICON_NAME = AppIcon;
				ASSETCATALOG_COMPILER_GLOBAL_ACCENT_COLOR_NAME = AccentColor;
				CODE_SIGN_STYLE = Automatic;
				CURRENT_PROJECT_VERSION = 1;
				DEVELOPMENT_TEAM = KT4PWW57Y9;
				GENERATE_INFOPLIST_FILE = YES;
				INFOPLIST_FILE = NetflixClone/Info.plist;
				INFOPLIST_KEY_UIApplicationSupportsIndirectInputEvents = YES;
				INFOPLIST_KEY_UILaunchStoryboardName = LaunchScreen;
				INFOPLIST_KEY_UISupportedInterfaceOrientations_iPad = "UIInterfaceOrientationPortrait UIInterfaceOrientationPortraitUpsideDown UIInterfaceOrientationLandscapeLeft UIInterfaceOrientationLandscapeRight";
				INFOPLIST_KEY_UISupportedInterfaceOrientations_iPhone = "UIInterfaceOrientationPortrait UIInterfaceOrientationLandscapeLeft UIInterfaceOrientationLandscapeRight";
				LD_RUNPATH_SEARCH_PATHS = (
					"$(inherited)",
					"@executable_path/Frameworks",
				);
				MARKETING_VERSION = 1.0;
				PRODUCT_BUNDLE_IDENTIFIER = info.NetflixClone;
				PRODUCT_NAME = "$(TARGET_NAME)";
				SWIFT_EMIT_LOC_STRINGS = YES;
				SWIFT_VERSION = 5.0;
				TARGETED_DEVICE_FAMILY = "1,2";
			};
			name = Release;
		};
/* End XCBuildConfiguration section */

/* Begin XCConfigurationList section */
		36DDC24B2B63F5AB00A706D1 /* Build configuration list for PBXProject "NetflixClone" */ = {
			isa = XCConfigurationList;
			buildConfigurations = (
				36DDC2622B63F5AC00A706D1 /* Debug */,
				36DDC2632B63F5AC00A706D1 /* Release */,
			);
			defaultConfigurationIsVisible = 0;
			defaultConfigurationName = Release;
		};
		36DDC2642B63F5AC00A706D1 /* Build configuration list for PBXNativeTarget "NetflixClone" */ = {
			isa = XCConfigurationList;
			buildConfigurations = (
				36DDC2652B63F5AC00A706D1 /* Debug */,
				36DDC2662B63F5AC00A706D1 /* Release */,
			);
			defaultConfigurationIsVisible = 0;
			defaultConfigurationName = Release;
		};
/* End XCConfigurationList section */

/* Begin XCRemoteSwiftPackageReference section */
		36E894B32B66895C00A78873 /* XCRemoteSwiftPackageReference "SDWebImage" */ = {
			isa = XCRemoteSwiftPackageReference;
			repositoryURL = "https://github.com/SDWebImage/SDWebImage.git";
			requirement = {
				kind = upToNextMajorVersion;
				minimumVersion = 5.18.10;
			};
		};
/* End XCRemoteSwiftPackageReference section */

/* Begin XCSwiftPackageProductDependency section */
		36E894B42B66895C00A78873 /* SDWebImage */ = {
			isa = XCSwiftPackageProductDependency;
			package = 36E894B32B66895C00A78873 /* XCRemoteSwiftPackageReference "SDWebImage" */;
			productName = SDWebImage;
		};
		36E894B62B66895C00A78873 /* SDWebImageMapKit */ = {
			isa = XCSwiftPackageProductDependency;
			package = 36E894B32B66895C00A78873 /* XCRemoteSwiftPackageReference "SDWebImage" */;
			productName = SDWebImageMapKit;
		};
/* End XCSwiftPackageProductDependency section */
	};
	rootObject = 36DDC2482B63F5AB00A706D1 /* Project object */;
}
